
Microsoft Visual Studio Solution File, Format Version 12.00
# Visual Studio Version 16
VisualStudioVersion = 16.0.30621.155
MinimumVisualStudioVersion = 10.0.40219.1
Project("{FAE04EC0-301F-11D3-BF4B-00C04F79EFBC}") = "mktSolution.WebApp", "mktSolution.WebApp\mktSolution.WebApp.csproj", "{EBADFBAE-88F1-49EF-9F06-9E449978ECBF}"
EndProject
Global
	GlobalSection(SolutionConfigurationPlatforms) = preSolution
		Debug|Any CPU = Debug|Any CPU
		Release|Any CPU = Release|Any CPU
	EndGlobalSection
	GlobalSection(ProjectConfigurationPlatforms) = postSolution
		{EBADFBAE-88F1-49EF-9F06-9E449978ECBF}.Debug|Any CPU.ActiveCfg = Debug|Any CPU
		{EBADFBAE-88F1-49EF-9F06-9E449978ECBF}.Debug|Any CPU.Build.0 = Debug|Any CPU
		{EBADFBAE-88F1-49EF-9F06-9E449978ECBF}.Release|Any CPU.ActiveCfg = Release|Any CPU
		{EBADFBAE-88F1-49EF-9F06-9E449978ECBF}.Release|Any CPU.Build.0 = Release|Any CPU
	EndGlobalSection
	GlobalSection(SolutionProperties) = preSolution
		HideSolutionNode = FALSE
	EndGlobalSection
	GlobalSection(ExtensibilityGlobals) = postSolution
		SolutionGuid = {82764D4E-E65C-4814-91F4-24E1A22AFA04}
	EndGlobalSection
EndGlobal
